
Microsoft Visual Studio Solution File, Format Version 10.00
# Visual Studio 2008
Project("{FAE04EC0-301F-11D3-BF4B-00C04F79EFBC}") = "Core", "Core\Core.csproj", "{8DBE9C0C-E8C1-4C4A-A770-7C44E43E010B}"
EndProject
Project("{FAE04EC0-301F-11D3-BF4B-00C04F79EFBC}") = "Core.Tests", "Core.Tests\Core.Tests.csproj", "{72A1957A-A8B3-45CC-AA4A-4B61A4750F46}"
EndProject
Global
	GlobalSection(SolutionConfigurationPlatforms) = preSolution
		Debug|Any CPU = Debug|Any CPU
		Release|Any CPU = Release|Any CPU
	EndGlobalSection
	GlobalSection(ProjectConfigurationPlatforms) = postSolution
		{8DBE9C0C-E8C1-4C4A-A770-7C44E43E010B}.Debug|Any CPU.ActiveCfg = Debug|Any CPU
		{8DBE9C0C-E8C1-4C4A-A770-7C44E43E010B}.Debug|Any CPU.Build.0 = Debug|Any CPU
		{8DBE9C0C-E8C1-4C4A-A770-7C44E43E010B}.Release|Any CPU.ActiveCfg = Release|Any CPU
		{8DBE9C0C-E8C1-4C4A-A770-7C44E43E010B}.Release|Any CPU.Build.0 = Release|Any CPU
		{72A1957A-A8B3-45CC-AA4A-4B61A4750F46}.Debug|Any CPU.ActiveCfg = Debug|Any CPU
		{72A1957A-A8B3-45CC-AA4A-4B61A4750F46}.Debug|Any CPU.Build.0 = Debug|Any CPU
		{72A1957A-A8B3-45CC-AA4A-4B61A4750F46}.Release|Any CPU.ActiveCfg = Release|Any CPU
		{72A1957A-A8B3-45CC-AA4A-4B61A4750F46}.Release|Any CPU.Build.0 = Release|Any CPU
	EndGlobalSection
	GlobalSection(SolutionProperties) = preSolution
		HideSolutionNode = FALSE
	EndGlobalSection
EndGlobal
